
Microsoft Visual Studio Solution File, Format Version 12.00
# Visual Studio Version 17
VisualStudioVersion = 17.14.36121.58 d17.14
MinimumVisualStudioVersion = 10.0.40219.1
Project("{FAE04EC0-301F-11D3-BF4B-00C04F79EFBC}") = "Projekt1", "Projekt1\Projekt1.csproj", "{70969EE6-41C8-4CAA-B7AF-6E8A5286F677}"
EndProject
Global
	GlobalSection(SolutionConfigurationPlatforms) = preSolution
		Debug|Any CPU = Debug|Any CPU
		Release|Any CPU = Release|Any CPU
	EndGlobalSection
	GlobalSection(ProjectConfigurationPlatforms) = postSolution
		{70969EE6-41C8-4CAA-B7AF-6E8A5286F677}.Debug|Any CPU.ActiveCfg = Debug|Any CPU
		{70969EE6-41C8-4CAA-B7AF-6E8A5286F677}.Debug|Any CPU.Build.0 = Debug|Any CPU
		{70969EE6-41C8-4CAA-B7AF-6E8A5286F677}.Release|Any CPU.ActiveCfg = Release|Any CPU
		{70969EE6-41C8-4CAA-B7AF-6E8A5286F677}.Release|Any CPU.Build.0 = Release|Any CPU
	EndGlobalSection
	GlobalSection(SolutionProperties) = preSolution
		HideSolutionNode = FALSE
	EndGlobalSection
	GlobalSection(ExtensibilityGlobals) = postSolution
		SolutionGuid = {3754DC60-0956-4D6D-8092-596599F86D4F}
	EndGlobalSection
EndGlobal
